
Microsoft Visual Studio Solution File, Format Version 12.00
# Visual Studio Version 17
VisualStudioVersion = 17.4.33122.133
MinimumVisualStudioVersion = 10.0.40219.1
Project("{FAE04EC0-301F-11D3-BF4B-00C04F79EFBC}") = "Sentry.Monitor.Hangfire", "Sentry.Monitor.Hangfire/Sentry.Monitor.Hangfire.csproj", "{03A8932E-ECC4-40DD-ADB3-B36DD4F55CDA}"
EndProject
Project("{FAE04EC0-301F-11D3-BF4B-00C04F79EFBC}") = "Sentry.Monitor.Quartz", "Sentry.Monitor.Quartz\Sentry.Monitor.Quartz.csproj", "{BA5F7BBD-3AFE-4FE7-9065-57191A0A8729}"
EndProject
Project("{FAE04EC0-301F-11D3-BF4B-00C04F79EFBC}") = "Sentry.Monitor.Shared", "Sentry.Monitor.Shared\Sentry.Monitor.Shared.csproj", "{D1157B8E-C89A-4540-9D59-3B4611E9D218}"
EndProject
Project("{FAE04EC0-301F-11D3-BF4B-00C04F79EFBC}") = "Sentry.Monitor.Quartz.DependencyInjection", "Sentry.Monitor.Quartz.DependencyInjection\Sentry.Monitor.Quartz.DependencyInjection.csproj", "{F509D3A4-A1A2-437D-9C4B-D31A5627314E}"
EndProject
Global
	GlobalSection(SolutionConfigurationPlatforms) = preSolution
		Debug|Any CPU = Debug|Any CPU
		Release|Any CPU = Release|Any CPU
	EndGlobalSection
	GlobalSection(ProjectConfigurationPlatforms) = postSolution
		{03A8932E-ECC4-40DD-ADB3-B36DD4F55CDA}.Debug|Any CPU.ActiveCfg = Debug|Any CPU
		{03A8932E-ECC4-40DD-ADB3-B36DD4F55CDA}.Debug|Any CPU.Build.0 = Debug|Any CPU
		{03A8932E-ECC4-40DD-ADB3-B36DD4F55CDA}.Release|Any CPU.ActiveCfg = Release|Any CPU
		{03A8932E-ECC4-40DD-ADB3-B36DD4F55CDA}.Release|Any CPU.Build.0 = Release|Any CPU
		{BA5F7BBD-3AFE-4FE7-9065-57191A0A8729}.Debug|Any CPU.ActiveCfg = Debug|Any CPU
		{BA5F7BBD-3AFE-4FE7-9065-57191A0A8729}.Debug|Any CPU.Build.0 = Debug|Any CPU
		{BA5F7BBD-3AFE-4FE7-9065-57191A0A8729}.Release|Any CPU.ActiveCfg = Release|Any CPU
		{BA5F7BBD-3AFE-4FE7-9065-57191A0A8729}.Release|Any CPU.Build.0 = Release|Any CPU
		{D1157B8E-C89A-4540-9D59-3B4611E9D218}.Debug|Any CPU.ActiveCfg = Debug|Any CPU
		{D1157B8E-C89A-4540-9D59-3B4611E9D218}.Debug|Any CPU.Build.0 = Debug|Any CPU
		{D1157B8E-C89A-4540-9D59-3B4611E9D218}.Release|Any CPU.ActiveCfg = Release|Any CPU
		{D1157B8E-C89A-4540-9D59-3B4611E9D218}.Release|Any CPU.Build.0 = Release|Any CPU
		{F509D3A4-A1A2-437D-9C4B-D31A5627314E}.Debug|Any CPU.ActiveCfg = Debug|Any CPU
		{F509D3A4-A1A2-437D-9C4B-D31A5627314E}.Debug|Any CPU.Build.0 = Debug|Any CPU
		{F509D3A4-A1A2-437D-9C4B-D31A5627314E}.Release|Any CPU.ActiveCfg = Release|Any CPU
		{F509D3A4-A1A2-437D-9C4B-D31A5627314E}.Release|Any CPU.Build.0 = Release|Any CPU
	EndGlobalSection
	GlobalSection(SolutionProperties) = preSolution
		HideSolutionNode = FALSE
	EndGlobalSection
	GlobalSection(ExtensibilityGlobals) = postSolution
		SolutionGuid = {6C075D7E-4E36-4EE6-AFA3-0338896BA103}
	EndGlobalSection
EndGlobal
