
Microsoft Visual Studio Solution File, Format Version 12.00
# Visual Studio Version 17
VisualStudioVersion = 17.4.33122.133
MinimumVisualStudioVersion = 10.0.40219.1
Project("{FAE04EC0-301F-11D3-BF4B-00C04F79EFBC}") = "Sentry.Hangfire", "Sentry.Hangfire.csproj", "{03A8932E-ECC4-40DD-ADB3-B36DD4F55CDA}"
EndProject
Global
	GlobalSection(SolutionConfigurationPlatforms) = preSolution
		Debug|Any CPU = Debug|Any CPU
		Release|Any CPU = Release|Any CPU
	EndGlobalSection
	GlobalSection(ProjectConfigurationPlatforms) = postSolution
		{03A8932E-ECC4-40DD-ADB3-B36DD4F55CDA}.Debug|Any CPU.ActiveCfg = Debug|Any CPU
		{03A8932E-ECC4-40DD-ADB3-B36DD4F55CDA}.Debug|Any CPU.Build.0 = Debug|Any CPU
		{03A8932E-ECC4-40DD-ADB3-B36DD4F55CDA}.Release|Any CPU.ActiveCfg = Release|Any CPU
		{03A8932E-ECC4-40DD-ADB3-B36DD4F55CDA}.Release|Any CPU.Build.0 = Release|Any CPU
	EndGlobalSection
	GlobalSection(SolutionProperties) = preSolution
		HideSolutionNode = FALSE
	EndGlobalSection
	GlobalSection(ExtensibilityGlobals) = postSolution
		SolutionGuid = {6C075D7E-4E36-4EE6-AFA3-0338896BA103}
	EndGlobalSection
EndGlobal
